
Microsoft Visual Studio Solution File, Format Version 12.00
# Visual Studio Version 17
VisualStudioVersion = 17.0.31903.59
MinimumVisualStudioVersion = 10.0.40219.1
Project("{FAE04EC0-301F-11D3-BF4B-00C04F79EFBC}") = "AppConfiguration", "AppConfiguration\AppConfiguration.csproj", "{C90402E8-8759-4266-9850-A8FED5B83C60}"
EndProject
Project("{FAE04EC0-301F-11D3-BF4B-00C04F79EFBC}") = "BlobStorage", "BlobStorage\BlobStorage.csproj", "{849DF396-2330-4F5B-8230-BD67A4F9E2FB}"
EndProject
Project("{2150E333-8FDC-42A3-9474-1A3956D46DE8}") = "CosmosDB", "CosmosDB", "{10B4B845-46C7-4D9D-B917-D0D24E1FD631}"
EndProject
Project("{FAE04EC0-301F-11D3-BF4B-00C04F79EFBC}") = "Api", "CosmosDB\Api\Api.csproj", "{6301BE85-8825-4113-B29C-D4E766C594FC}"
EndProject
Project("{FAE04EC0-301F-11D3-BF4B-00C04F79EFBC}") = "Application", "CosmosDB\Application\Application.csproj", "{7CFB022A-4A64-4E88-A5BD-02DEAECB0D56}"
EndProject
Project("{FAE04EC0-301F-11D3-BF4B-00C04F79EFBC}") = "Domain", "CosmosDB\Domain\Domain.csproj", "{9961323A-FF6B-41CA-AE0B-C25C62379732}"
EndProject
Project("{FAE04EC0-301F-11D3-BF4B-00C04F79EFBC}") = "Infra", "CosmosDB\Infra\Infra.csproj", "{E6FC3B01-337C-4203-98D3-B587D036DB0A}"
EndProject
Project("{FAE04EC0-301F-11D3-BF4B-00C04F79EFBC}") = "IoC", "CosmosDB\IoC\IoC.csproj", "{4275886D-E36D-447B-A735-88140ED3ECF5}"
EndProject
Project("{2150E333-8FDC-42A3-9474-1A3956D46DE8}") = "KeyVault", "KeyVault", "{18B0D8B1-7C80-4AE4-B163-108A238890C9}"
EndProject
Project("{FAE04EC0-301F-11D3-BF4B-00C04F79EFBC}") = "Api", "KeyVault\Api\Api.csproj", "{A2A1A964-15BF-4E98-B1C7-EFD8DEBF7918}"
EndProject
Project("{FAE04EC0-301F-11D3-BF4B-00C04F79EFBC}") = "Application", "KeyVault\Application\Application.csproj", "{81B99E5E-7DFF-4F8C-B19D-6452DDDFB428}"
EndProject
Project("{FAE04EC0-301F-11D3-BF4B-00C04F79EFBC}") = "Domain", "KeyVault\Domain\Domain.csproj", "{4BFEB30B-45CF-41AF-9D47-35A25B17ABD5}"
EndProject
Project("{FAE04EC0-301F-11D3-BF4B-00C04F79EFBC}") = "Infra", "KeyVault\Infra\Infra.csproj", "{EBCD1BC4-7112-4676-9030-7564BF77F3AB}"
EndProject
Project("{FAE04EC0-301F-11D3-BF4B-00C04F79EFBC}") = "IoC", "KeyVault\IoC\IoC.csproj", "{06ACDC38-CAB0-4270-9C49-8F47B2AACE8B}"
EndProject
Project("{2150E333-8FDC-42A3-9474-1A3956D46DE8}") = "QueueService", "QueueService", "{0C7E06B1-1A3B-4FCB-8CC5-F7EAB36EA1DC}"
EndProject
Project("{2150E333-8FDC-42A3-9474-1A3956D46DE8}") = "Microservices", "Microservices", "{068875AB-ADA7-4056-B10E-4F03EB471E14}"
EndProject
Project("{FAE04EC0-301F-11D3-BF4B-00C04F79EFBC}") = "Producer", "QueueService\Microservices\Producer\Producer.csproj", "{599D0A45-4BBB-4F1B-9151-AA93B84AB8FC}"
EndProject
Project("{FAE04EC0-301F-11D3-BF4B-00C04F79EFBC}") = "Consumer", "QueueService\Microservices\Consumer\Consumer.csproj", "{27465D7A-EA88-46A6-A0AE-CC8BAB76BC08}"
EndProject
Project("{FAE04EC0-301F-11D3-BF4B-00C04F79EFBC}") = "Domain", "QueueService\Domain\Domain.csproj", "{78FB0BE2-6458-41F2-9D78-A9BFB411C30C}"
EndProject
Project("{FAE04EC0-301F-11D3-BF4B-00C04F79EFBC}") = "Infra", "QueueService\Infra\Infra.csproj", "{AB868BED-9E01-4281-A302-4497391F5D86}"
EndProject
Project("{FAE04EC0-301F-11D3-BF4B-00C04F79EFBC}") = "IoC", "QueueService\IoC\IoC.csproj", "{02063762-1EB2-4970-A1D1-B710D45A32DD}"
EndProject
Project("{2150E333-8FDC-42A3-9474-1A3956D46DE8}") = "ServiceBus", "ServiceBus", "{356E8FAA-4298-4395-A242-0A0B7BBBC1A4}"
EndProject
Project("{2150E333-8FDC-42A3-9474-1A3956D46DE8}") = "Microservices", "Microservices", "{D978E52D-91A6-49E5-8145-8EEB15C2EECF}"
EndProject
Project("{FAE04EC0-301F-11D3-BF4B-00C04F79EFBC}") = "Producer", "ServiceBus\Microservices\Producer\Producer.csproj", "{06A5D2D9-5613-4F6A-96C0-EB03FC77E69F}"
EndProject
Project("{FAE04EC0-301F-11D3-BF4B-00C04F79EFBC}") = "Consumer", "ServiceBus\Microservices\Consumer\Consumer.csproj", "{BE35A427-A047-48A8-B62A-FBA3326762AC}"
EndProject
Project("{FAE04EC0-301F-11D3-BF4B-00C04F79EFBC}") = "Domain", "ServiceBus\Domain\Domain.csproj", "{0DFB2748-C2DF-499A-AA00-92D53444F9D1}"
EndProject
Project("{FAE04EC0-301F-11D3-BF4B-00C04F79EFBC}") = "Infra", "ServiceBus\Infra\Infra.csproj", "{FA723971-30D2-4A2D-9903-E690ABF0A1BA}"
EndProject
Project("{FAE04EC0-301F-11D3-BF4B-00C04F79EFBC}") = "IoC", "ServiceBus\IoC\IoC.csproj", "{C7D8ED50-7FE4-486C-B929-F329C628E51C}"
EndProject
Global
	GlobalSection(SolutionConfigurationPlatforms) = preSolution
		Debug|Any CPU = Debug|Any CPU
		Release|Any CPU = Release|Any CPU
	EndGlobalSection
	GlobalSection(SolutionProperties) = preSolution
		HideSolutionNode = FALSE
	EndGlobalSection
	GlobalSection(ProjectConfigurationPlatforms) = postSolution
		{C90402E8-8759-4266-9850-A8FED5B83C60}.Debug|Any CPU.ActiveCfg = Debug|Any CPU
		{C90402E8-8759-4266-9850-A8FED5B83C60}.Debug|Any CPU.Build.0 = Debug|Any CPU
		{C90402E8-8759-4266-9850-A8FED5B83C60}.Release|Any CPU.ActiveCfg = Release|Any CPU
		{C90402E8-8759-4266-9850-A8FED5B83C60}.Release|Any CPU.Build.0 = Release|Any CPU
		{849DF396-2330-4F5B-8230-BD67A4F9E2FB}.Debug|Any CPU.ActiveCfg = Debug|Any CPU
		{849DF396-2330-4F5B-8230-BD67A4F9E2FB}.Debug|Any CPU.Build.0 = Debug|Any CPU
		{849DF396-2330-4F5B-8230-BD67A4F9E2FB}.Release|Any CPU.ActiveCfg = Release|Any CPU
		{849DF396-2330-4F5B-8230-BD67A4F9E2FB}.Release|Any CPU.Build.0 = Release|Any CPU
		{6301BE85-8825-4113-B29C-D4E766C594FC}.Debug|Any CPU.ActiveCfg = Debug|Any CPU
		{6301BE85-8825-4113-B29C-D4E766C594FC}.Debug|Any CPU.Build.0 = Debug|Any CPU
		{6301BE85-8825-4113-B29C-D4E766C594FC}.Release|Any CPU.ActiveCfg = Release|Any CPU
		{6301BE85-8825-4113-B29C-D4E766C594FC}.Release|Any CPU.Build.0 = Release|Any CPU
		{7CFB022A-4A64-4E88-A5BD-02DEAECB0D56}.Debug|Any CPU.ActiveCfg = Debug|Any CPU
		{7CFB022A-4A64-4E88-A5BD-02DEAECB0D56}.Debug|Any CPU.Build.0 = Debug|Any CPU
		{7CFB022A-4A64-4E88-A5BD-02DEAECB0D56}.Release|Any CPU.ActiveCfg = Release|Any CPU
		{7CFB022A-4A64-4E88-A5BD-02DEAECB0D56}.Release|Any CPU.Build.0 = Release|Any CPU
		{9961323A-FF6B-41CA-AE0B-C25C62379732}.Debug|Any CPU.ActiveCfg = Debug|Any CPU
		{9961323A-FF6B-41CA-AE0B-C25C62379732}.Debug|Any CPU.Build.0 = Debug|Any CPU
		{9961323A-FF6B-41CA-AE0B-C25C62379732}.Release|Any CPU.ActiveCfg = Release|Any CPU
		{9961323A-FF6B-41CA-AE0B-C25C62379732}.Release|Any CPU.Build.0 = Release|Any CPU
		{E6FC3B01-337C-4203-98D3-B587D036DB0A}.Debug|Any CPU.ActiveCfg = Debug|Any CPU
		{E6FC3B01-337C-4203-98D3-B587D036DB0A}.Debug|Any CPU.Build.0 = Debug|Any CPU
		{E6FC3B01-337C-4203-98D3-B587D036DB0A}.Release|Any CPU.ActiveCfg = Release|Any CPU
		{E6FC3B01-337C-4203-98D3-B587D036DB0A}.Release|Any CPU.Build.0 = Release|Any CPU
		{4275886D-E36D-447B-A735-88140ED3ECF5}.Debug|Any CPU.ActiveCfg = Debug|Any CPU
		{4275886D-E36D-447B-A735-88140ED3ECF5}.Debug|Any CPU.Build.0 = Debug|Any CPU
		{4275886D-E36D-447B-A735-88140ED3ECF5}.Release|Any CPU.ActiveCfg = Release|Any CPU
		{4275886D-E36D-447B-A735-88140ED3ECF5}.Release|Any CPU.Build.0 = Release|Any CPU
		{A2A1A964-15BF-4E98-B1C7-EFD8DEBF7918}.Debug|Any CPU.ActiveCfg = Debug|Any CPU
		{A2A1A964-15BF-4E98-B1C7-EFD8DEBF7918}.Debug|Any CPU.Build.0 = Debug|Any CPU
		{A2A1A964-15BF-4E98-B1C7-EFD8DEBF7918}.Release|Any CPU.ActiveCfg = Release|Any CPU
		{A2A1A964-15BF-4E98-B1C7-EFD8DEBF7918}.Release|Any CPU.Build.0 = Release|Any CPU
		{81B99E5E-7DFF-4F8C-B19D-6452DDDFB428}.Debug|Any CPU.ActiveCfg = Debug|Any CPU
		{81B99E5E-7DFF-4F8C-B19D-6452DDDFB428}.Debug|Any CPU.Build.0 = Debug|Any CPU
		{81B99E5E-7DFF-4F8C-B19D-6452DDDFB428}.Release|Any CPU.ActiveCfg = Release|Any CPU
		{81B99E5E-7DFF-4F8C-B19D-6452DDDFB428}.Release|Any CPU.Build.0 = Release|Any CPU
		{4BFEB30B-45CF-41AF-9D47-35A25B17ABD5}.Debug|Any CPU.ActiveCfg = Debug|Any CPU
		{4BFEB30B-45CF-41AF-9D47-35A25B17ABD5}.Debug|Any CPU.Build.0 = Debug|Any CPU
		{4BFEB30B-45CF-41AF-9D47-35A25B17ABD5}.Release|Any CPU.ActiveCfg = Release|Any CPU
		{4BFEB30B-45CF-41AF-9D47-35A25B17ABD5}.Release|Any CPU.Build.0 = Release|Any CPU
		{EBCD1BC4-7112-4676-9030-7564BF77F3AB}.Debug|Any CPU.ActiveCfg = Debug|Any CPU
		{EBCD1BC4-7112-4676-9030-7564BF77F3AB}.Debug|Any CPU.Build.0 = Debug|Any CPU
		{EBCD1BC4-7112-4676-9030-7564BF77F3AB}.Release|Any CPU.ActiveCfg = Release|Any CPU
		{EBCD1BC4-7112-4676-9030-7564BF77F3AB}.Release|Any CPU.Build.0 = Release|Any CPU
		{06ACDC38-CAB0-4270-9C49-8F47B2AACE8B}.Debug|Any CPU.ActiveCfg = Debug|Any CPU
		{06ACDC38-CAB0-4270-9C49-8F47B2AACE8B}.Debug|Any CPU.Build.0 = Debug|Any CPU
		{06ACDC38-CAB0-4270-9C49-8F47B2AACE8B}.Release|Any CPU.ActiveCfg = Release|Any CPU
		{06ACDC38-CAB0-4270-9C49-8F47B2AACE8B}.Release|Any CPU.Build.0 = Release|Any CPU
		{599D0A45-4BBB-4F1B-9151-AA93B84AB8FC}.Debug|Any CPU.ActiveCfg = Debug|Any CPU
		{599D0A45-4BBB-4F1B-9151-AA93B84AB8FC}.Debug|Any CPU.Build.0 = Debug|Any CPU
		{599D0A45-4BBB-4F1B-9151-AA93B84AB8FC}.Release|Any CPU.ActiveCfg = Release|Any CPU
		{599D0A45-4BBB-4F1B-9151-AA93B84AB8FC}.Release|Any CPU.Build.0 = Release|Any CPU
		{27465D7A-EA88-46A6-A0AE-CC8BAB76BC08}.Debug|Any CPU.ActiveCfg = Debug|Any CPU
		{27465D7A-EA88-46A6-A0AE-CC8BAB76BC08}.Debug|Any CPU.Build.0 = Debug|Any CPU
		{27465D7A-EA88-46A6-A0AE-CC8BAB76BC08}.Release|Any CPU.ActiveCfg = Release|Any CPU
		{27465D7A-EA88-46A6-A0AE-CC8BAB76BC08}.Release|Any CPU.Build.0 = Release|Any CPU
		{78FB0BE2-6458-41F2-9D78-A9BFB411C30C}.Debug|Any CPU.ActiveCfg = Debug|Any CPU
		{78FB0BE2-6458-41F2-9D78-A9BFB411C30C}.Debug|Any CPU.Build.0 = Debug|Any CPU
		{78FB0BE2-6458-41F2-9D78-A9BFB411C30C}.Release|Any CPU.ActiveCfg = Release|Any CPU
		{78FB0BE2-6458-41F2-9D78-A9BFB411C30C}.Release|Any CPU.Build.0 = Release|Any CPU
		{AB868BED-9E01-4281-A302-4497391F5D86}.Debug|Any CPU.ActiveCfg = Debug|Any CPU
		{AB868BED-9E01-4281-A302-4497391F5D86}.Debug|Any CPU.Build.0 = Debug|Any CPU
		{AB868BED-9E01-4281-A302-4497391F5D86}.Release|Any CPU.ActiveCfg = Release|Any CPU
		{AB868BED-9E01-4281-A302-4497391F5D86}.Release|Any CPU.Build.0 = Release|Any CPU
		{02063762-1EB2-4970-A1D1-B710D45A32DD}.Debug|Any CPU.ActiveCfg = Debug|Any CPU
		{02063762-1EB2-4970-A1D1-B710D45A32DD}.Debug|Any CPU.Build.0 = Debug|Any CPU
		{02063762-1EB2-4970-A1D1-B710D45A32DD}.Release|Any CPU.ActiveCfg = Release|Any CPU
		{02063762-1EB2-4970-A1D1-B710D45A32DD}.Release|Any CPU.Build.0 = Release|Any CPU
		{06A5D2D9-5613-4F6A-96C0-EB03FC77E69F}.Debug|Any CPU.ActiveCfg = Debug|Any CPU
		{06A5D2D9-5613-4F6A-96C0-EB03FC77E69F}.Debug|Any CPU.Build.0 = Debug|Any CPU
		{06A5D2D9-5613-4F6A-96C0-EB03FC77E69F}.Release|Any CPU.ActiveCfg = Release|Any CPU
		{06A5D2D9-5613-4F6A-96C0-EB03FC77E69F}.Release|Any CPU.Build.0 = Release|Any CPU
		{BE35A427-A047-48A8-B62A-FBA3326762AC}.Debug|Any CPU.ActiveCfg = Debug|Any CPU
		{BE35A427-A047-48A8-B62A-FBA3326762AC}.Debug|Any CPU.Build.0 = Debug|Any CPU
		{BE35A427-A047-48A8-B62A-FBA3326762AC}.Release|Any CPU.ActiveCfg = Release|Any CPU
		{BE35A427-A047-48A8-B62A-FBA3326762AC}.Release|Any CPU.Build.0 = Release|Any CPU
		{0DFB2748-C2DF-499A-AA00-92D53444F9D1}.Debug|Any CPU.ActiveCfg = Debug|Any CPU
		{0DFB2748-C2DF-499A-AA00-92D53444F9D1}.Debug|Any CPU.Build.0 = Debug|Any CPU
		{0DFB2748-C2DF-499A-AA00-92D53444F9D1}.Release|Any CPU.ActiveCfg = Release|Any CPU
		{0DFB2748-C2DF-499A-AA00-92D53444F9D1}.Release|Any CPU.Build.0 = Release|Any CPU
		{FA723971-30D2-4A2D-9903-E690ABF0A1BA}.Debug|Any CPU.ActiveCfg = Debug|Any CPU
		{FA723971-30D2-4A2D-9903-E690ABF0A1BA}.Debug|Any CPU.Build.0 = Debug|Any CPU
		{FA723971-30D2-4A2D-9903-E690ABF0A1BA}.Release|Any CPU.ActiveCfg = Release|Any CPU
		{FA723971-30D2-4A2D-9903-E690ABF0A1BA}.Release|Any CPU.Build.0 = Release|Any CPU
		{C7D8ED50-7FE4-486C-B929-F329C628E51C}.Debug|Any CPU.ActiveCfg = Debug|Any CPU
		{C7D8ED50-7FE4-486C-B929-F329C628E51C}.Debug|Any CPU.Build.0 = Debug|Any CPU
		{C7D8ED50-7FE4-486C-B929-F329C628E51C}.Release|Any CPU.ActiveCfg = Release|Any CPU
		{C7D8ED50-7FE4-486C-B929-F329C628E51C}.Release|Any CPU.Build.0 = Release|Any CPU
	EndGlobalSection
	GlobalSection(NestedProjects) = preSolution
		{6301BE85-8825-4113-B29C-D4E766C594FC} = {10B4B845-46C7-4D9D-B917-D0D24E1FD631}
		{7CFB022A-4A64-4E88-A5BD-02DEAECB0D56} = {10B4B845-46C7-4D9D-B917-D0D24E1FD631}
		{9961323A-FF6B-41CA-AE0B-C25C62379732} = {10B4B845-46C7-4D9D-B917-D0D24E1FD631}
		{E6FC3B01-337C-4203-98D3-B587D036DB0A} = {10B4B845-46C7-4D9D-B917-D0D24E1FD631}
		{4275886D-E36D-447B-A735-88140ED3ECF5} = {10B4B845-46C7-4D9D-B917-D0D24E1FD631}
		{A2A1A964-15BF-4E98-B1C7-EFD8DEBF7918} = {18B0D8B1-7C80-4AE4-B163-108A238890C9}
		{81B99E5E-7DFF-4F8C-B19D-6452DDDFB428} = {18B0D8B1-7C80-4AE4-B163-108A238890C9}
		{4BFEB30B-45CF-41AF-9D47-35A25B17ABD5} = {18B0D8B1-7C80-4AE4-B163-108A238890C9}
		{EBCD1BC4-7112-4676-9030-7564BF77F3AB} = {18B0D8B1-7C80-4AE4-B163-108A238890C9}
		{06ACDC38-CAB0-4270-9C49-8F47B2AACE8B} = {18B0D8B1-7C80-4AE4-B163-108A238890C9}
		{068875AB-ADA7-4056-B10E-4F03EB471E14} = {0C7E06B1-1A3B-4FCB-8CC5-F7EAB36EA1DC}
		{599D0A45-4BBB-4F1B-9151-AA93B84AB8FC} = {068875AB-ADA7-4056-B10E-4F03EB471E14}
		{27465D7A-EA88-46A6-A0AE-CC8BAB76BC08} = {068875AB-ADA7-4056-B10E-4F03EB471E14}
		{78FB0BE2-6458-41F2-9D78-A9BFB411C30C} = {0C7E06B1-1A3B-4FCB-8CC5-F7EAB36EA1DC}
		{AB868BED-9E01-4281-A302-4497391F5D86} = {0C7E06B1-1A3B-4FCB-8CC5-F7EAB36EA1DC}
		{02063762-1EB2-4970-A1D1-B710D45A32DD} = {0C7E06B1-1A3B-4FCB-8CC5-F7EAB36EA1DC}
		{D978E52D-91A6-49E5-8145-8EEB15C2EECF} = {356E8FAA-4298-4395-A242-0A0B7BBBC1A4}
		{06A5D2D9-5613-4F6A-96C0-EB03FC77E69F} = {D978E52D-91A6-49E5-8145-8EEB15C2EECF}
		{BE35A427-A047-48A8-B62A-FBA3326762AC} = {D978E52D-91A6-49E5-8145-8EEB15C2EECF}
		{0DFB2748-C2DF-499A-AA00-92D53444F9D1} = {356E8FAA-4298-4395-A242-0A0B7BBBC1A4}
		{FA723971-30D2-4A2D-9903-E690ABF0A1BA} = {356E8FAA-4298-4395-A242-0A0B7BBBC1A4}
		{C7D8ED50-7FE4-486C-B929-F329C628E51C} = {356E8FAA-4298-4395-A242-0A0B7BBBC1A4}
	EndGlobalSection
EndGlobal
